// !$*UTF8*$!
{
	archiveVersion = 1;
	classes = {
	};
	objectVersion = 56;
	objects = {

/* Begin PBXBuildFile section */
		F80E4E192C3DADC900EC5118 /* LandmarkDetail.swift in Sources */ = {isa = PBXBuildFile; fileRef = F80E4E182C3DADC900EC5118 /* LandmarkDetail.swift */; };
		F80E4E1B2C3DB91500EC5118 /* FavoriteButton.swift in Sources */ = {isa = PBXBuildFile; fileRef = F80E4E1A2C3DB91500EC5118 /* FavoriteButton.swift */; };
		F82FCD9A2C3A728E005DD2EC /* LeiApp.swift in Sources */ = {isa = PBXBuildFile; fileRef = F82FCD992C3A728E005DD2EC /* LeiApp.swift */; };
		F82FCD9C2C3A728E005DD2EC /* ContentView.swift in Sources */ = {isa = PBXBuildFile; fileRef = F82FCD9B2C3A728E005DD2EC /* ContentView.swift */; };
		F82FCD9E2C3A728E005DD2EC /* Item.swift in Sources */ = {isa = PBXBuildFile; fileRef = F82FCD9D2C3A728E005DD2EC /* Item.swift */; };
		F82FCDA02C3A7292005DD2EC /* Assets.xcassets in Resources */ = {isa = PBXBuildFile; fileRef = F82FCD9F2C3A7292005DD2EC /* Assets.xcassets */; };
		F82FCDA42C3A7292005DD2EC /* Preview Assets.xcassets in Resources */ = {isa = PBXBuildFile; fileRef = F82FCDA32C3A7292005DD2EC /* Preview Assets.xcassets */; };
		F82FCDAE2C3A7292005DD2EC /* LeiTests.swift in Sources */ = {isa = PBXBuildFile; fileRef = F82FCDAD2C3A7292005DD2EC /* LeiTests.swift */; };
		F82FCDB82C3A7292005DD2EC /* LeiUITests.swift in Sources */ = {isa = PBXBuildFile; fileRef = F82FCDB72C3A7292005DD2EC /* LeiUITests.swift */; };
		F82FCDBA2C3A7292005DD2EC /* LeiUITestsLaunchTests.swift in Sources */ = {isa = PBXBuildFile; fileRef = F82FCDB92C3A7292005DD2EC /* LeiUITestsLaunchTests.swift */; };
		F82FCDC72C3A7538005DD2EC /* HomeView.swift in Sources */ = {isa = PBXBuildFile; fileRef = F82FCDC62C3A7538005DD2EC /* HomeView.swift */; };
		F840BC1A2C43C94C00E8092B /* NoviceAlbumList.swift in Sources */ = {isa = PBXBuildFile; fileRef = F840BC192C43C94C00E8092B /* NoviceAlbumList.swift */; };
		F840BC1C2C43D5AF00E8092B /* MoodLibList.swift in Sources */ = {isa = PBXBuildFile; fileRef = F840BC1B2C43D5AF00E8092B /* MoodLibList.swift */; };
		F840BC1E2C43E2B300E8092B /* HelloView.swift in Sources */ = {isa = PBXBuildFile; fileRef = F840BC1D2C43E2B300E8092B /* HelloView.swift */; };
		F840BC202C43E2F800E8092B /* PlanView.swift in Sources */ = {isa = PBXBuildFile; fileRef = F840BC1F2C43E2F800E8092B /* PlanView.swift */; };
		F84A95892C4283E900E444F8 /* HexagonParameters.swift in Sources */ = {isa = PBXBuildFile; fileRef = F84A95882C4283E900E444F8 /* HexagonParameters.swift */; };
		F84A958B2C4284DE00E444F8 /* BadgeBackground.swift in Sources */ = {isa = PBXBuildFile; fileRef = F84A958A2C4284DE00E444F8 /* BadgeBackground.swift */; };
		F84A958D2C42893E00E444F8 /* BadgeSymbol.swift in Sources */ = {isa = PBXBuildFile; fileRef = F84A958C2C42893E00E444F8 /* BadgeSymbol.swift */; };
		F84A958F2C4289F300E444F8 /* RotatedBadgeSymbol.swift in Sources */ = {isa = PBXBuildFile; fileRef = F84A958E2C4289F300E444F8 /* RotatedBadgeSymbol.swift */; };
		F84A95942C428DE000E444F8 /* Badge.swift in Sources */ = {isa = PBXBuildFile; fileRef = F84A95902C428AAD00E444F8 /* Badge.swift */; };
		F84A95962C42957600E444F8 /* LandmarkHome.swift in Sources */ = {isa = PBXBuildFile; fileRef = F84A95952C42957600E444F8 /* LandmarkHome.swift */; };
		F8E208362C3C3F9E00E5EA81 /* CircleImage.swift in Sources */ = {isa = PBXBuildFile; fileRef = F8E208352C3C3F9E00E5EA81 /* CircleImage.swift */; };
		F8E208382C3C410800E5EA81 /* MapView.swift in Sources */ = {isa = PBXBuildFile; fileRef = F8E208372C3C410800E5EA81 /* MapView.swift */; };
		F8E2083C2C3C44CB00E5EA81 /* landmarkData.json in Resources */ = {isa = PBXBuildFile; fileRef = F8E2083B2C3C44CB00E5EA81 /* landmarkData.json */; };
		F8E2083E2C3C44EE00E5EA81 /* Landmark.swift in Sources */ = {isa = PBXBuildFile; fileRef = F8E2083D2C3C44EE00E5EA81 /* Landmark.swift */; };
		F8E208402C3C6DC200E5EA81 /* ModelData.swift in Sources */ = {isa = PBXBuildFile; fileRef = F8E2083F2C3C6DC200E5EA81 /* ModelData.swift */; };
		F8E208482C3C71A200E5EA81 /* LandmarkRow.swift in Sources */ = {isa = PBXBuildFile; fileRef = F8E208472C3C71A200E5EA81 /* LandmarkRow.swift */; };
		F8E2084A2C3C739300E5EA81 /* LandmarkList.swift in Sources */ = {isa = PBXBuildFile; fileRef = F8E208492C3C739300E5EA81 /* LandmarkList.swift */; };
/* End PBXBuildFile section */

/* Begin PBXContainerItemProxy section */
		F82FCDAA2C3A7292005DD2EC /* PBXContainerItemProxy */ = {
			isa = PBXContainerItemProxy;
			containerPortal = F82FCD8E2C3A728E005DD2EC /* Project object */;
			proxyType = 1;
			remoteGlobalIDString = F82FCD952C3A728E005DD2EC;
			remoteInfo = Lei;
		};
		F82FCDB42C3A7292005DD2EC /* PBXContainerItemProxy */ = {
			isa = PBXContainerItemProxy;
			containerPortal = F82FCD8E2C3A728E005DD2EC /* Project object */;
			proxyType = 1;
			remoteGlobalIDString = F82FCD952C3A728E005DD2EC;
			remoteInfo = Lei;
		};
/* End PBXContainerItemProxy section */

/* Begin PBXFileReference section */
		F80E4E182C3DADC900EC5118 /* LandmarkDetail.swift */ = {isa = PBXFileReference; lastKnownFileType = sourcecode.swift; path = LandmarkDetail.swift; sourceTree = "<group>"; };
		F80E4E1A2C3DB91500EC5118 /* FavoriteButton.swift */ = {isa = PBXFileReference; lastKnownFileType = sourcecode.swift; path = FavoriteButton.swift; sourceTree = "<group>"; };
		F82FCD962C3A728E005DD2EC /* Lei.app */ = {isa = PBXFileReference; explicitFileType = wrapper.application; includeInIndex = 0; path = Lei.app; sourceTree = BUILT_PRODUCTS_DIR; };
		F82FCD992C3A728E005DD2EC /* LeiApp.swift */ = {isa = PBXFileReference; lastKnownFileType = sourcecode.swift; path = LeiApp.swift; sourceTree = "<group>"; };
		F82FCD9B2C3A728E005DD2EC /* ContentView.swift */ = {isa = PBXFileReference; lastKnownFileType = sourcecode.swift; path = ContentView.swift; sourceTree = "<group>"; };
		F82FCD9D2C3A728E005DD2EC /* Item.swift */ = {isa = PBXFileReference; lastKnownFileType = sourcecode.swift; path = Item.swift; sourceTree = "<group>"; };
		F82FCD9F2C3A7292005DD2EC /* Assets.xcassets */ = {isa = PBXFileReference; lastKnownFileType = folder.assetcatalog; path = Assets.xcassets; sourceTree = "<group>"; };
		F82FCDA12C3A7292005DD2EC /* Lei.entitlements */ = {isa = PBXFileReference; lastKnownFileType = text.plist.entitlements; path = Lei.entitlements; sourceTree = "<group>"; };
		F82FCDA32C3A7292005DD2EC /* Preview Assets.xcassets */ = {isa = PBXFileReference; lastKnownFileType = folder.assetcatalog; path = "Preview Assets.xcassets"; sourceTree = "<group>"; };
		F82FCDA92C3A7292005DD2EC /* LeiTests.xctest */ = {isa = PBXFileReference; explicitFileType = wrapper.cfbundle; includeInIndex = 0; path = LeiTests.xctest; sourceTree = BUILT_PRODUCTS_DIR; };
		F82FCDAD2C3A7292005DD2EC /* LeiTests.swift */ = {isa = PBXFileReference; lastKnownFileType = sourcecode.swift; path = LeiTests.swift; sourceTree = "<group>"; };
		F82FCDB32C3A7292005DD2EC /* LeiUITests.xctest */ = {isa = PBXFileReference; explicitFileType = wrapper.cfbundle; includeInIndex = 0; path = LeiUITests.xctest; sourceTree = BUILT_PRODUCTS_DIR; };
		F82FCDB72C3A7292005DD2EC /* LeiUITests.swift */ = {isa = PBXFileReference; lastKnownFileType = sourcecode.swift; path = LeiUITests.swift; sourceTree = "<group>"; };
		F82FCDB92C3A7292005DD2EC /* LeiUITestsLaunchTests.swift */ = {isa = PBXFileReference; lastKnownFileType = sourcecode.swift; path = LeiUITestsLaunchTests.swift; sourceTree = "<group>"; };
		F82FCDC62C3A7538005DD2EC /* HomeView.swift */ = {isa = PBXFileReference; lastKnownFileType = sourcecode.swift; path = HomeView.swift; sourceTree = "<group>"; };
		F840BC192C43C94C00E8092B /* NoviceAlbumList.swift */ = {isa = PBXFileReference; lastKnownFileType = sourcecode.swift; path = NoviceAlbumList.swift; sourceTree = "<group>"; };
		F840BC1B2C43D5AF00E8092B /* MoodLibList.swift */ = {isa = PBXFileReference; lastKnownFileType = sourcecode.swift; path = MoodLibList.swift; sourceTree = "<group>"; };
		F840BC1D2C43E2B300E8092B /* HelloView.swift */ = {isa = PBXFileReference; lastKnownFileType = sourcecode.swift; path = HelloView.swift; sourceTree = "<group>"; };
		F840BC1F2C43E2F800E8092B /* PlanView.swift */ = {isa = PBXFileReference; lastKnownFileType = sourcecode.swift; path = PlanView.swift; sourceTree = "<group>"; };
		F84A95882C4283E900E444F8 /* HexagonParameters.swift */ = {isa = PBXFileReference; lastKnownFileType = sourcecode.swift; path = HexagonParameters.swift; sourceTree = "<group>"; };
		F84A958A2C4284DE00E444F8 /* BadgeBackground.swift */ = {isa = PBXFileReference; lastKnownFileType = sourcecode.swift; path = BadgeBackground.swift; sourceTree = "<group>"; };
		F84A958C2C42893E00E444F8 /* BadgeSymbol.swift */ = {isa = PBXFileReference; lastKnownFileType = sourcecode.swift; path = BadgeSymbol.swift; sourceTree = "<group>"; };
		F84A958E2C4289F300E444F8 /* RotatedBadgeSymbol.swift */ = {isa = PBXFileReference; lastKnownFileType = sourcecode.swift; path = RotatedBadgeSymbol.swift; sourceTree = "<group>"; };
		F84A95902C428AAD00E444F8 /* Badge.swift */ = {isa = PBXFileReference; lastKnownFileType = sourcecode.swift; path = Badge.swift; sourceTree = "<group>"; };
		F84A95952C42957600E444F8 /* LandmarkHome.swift */ = {isa = PBXFileReference; lastKnownFileType = sourcecode.swift; path = LandmarkHome.swift; sourceTree = "<group>"; };
		F8E208352C3C3F9E00E5EA81 /* CircleImage.swift */ = {isa = PBXFileReference; lastKnownFileType = sourcecode.swift; path = CircleImage.swift; sourceTree = "<group>"; };
		F8E208372C3C410800E5EA81 /* MapView.swift */ = {isa = PBXFileReference; lastKnownFileType = sourcecode.swift; path = MapView.swift; sourceTree = "<group>"; };
		F8E2083B2C3C44CB00E5EA81 /* landmarkData.json */ = {isa = PBXFileReference; fileEncoding = 4; lastKnownFileType = text.json; path = landmarkData.json; sourceTree = "<group>"; };
		F8E2083D2C3C44EE00E5EA81 /* Landmark.swift */ = {isa = PBXFileReference; lastKnownFileType = sourcecode.swift; path = Landmark.swift; sourceTree = "<group>"; };
		F8E2083F2C3C6DC200E5EA81 /* ModelData.swift */ = {isa = PBXFileReference; lastKnownFileType = sourcecode.swift; path = ModelData.swift; sourceTree = "<group>"; };
		F8E208472C3C71A200E5EA81 /* LandmarkRow.swift */ = {isa = PBXFileReference; lastKnownFileType = sourcecode.swift; path = LandmarkRow.swift; sourceTree = "<group>"; };
		F8E208492C3C739300E5EA81 /* LandmarkList.swift */ = {isa = PBXFileReference; lastKnownFileType = sourcecode.swift; path = LandmarkList.swift; sourceTree = "<group>"; };
/* End PBXFileReference section */

/* Begin PBXFrameworksBuildPhase section */
		F82FCD932C3A728E005DD2EC /* Frameworks */ = {
			isa = PBXFrameworksBuildPhase;
			buildActionMask = 2147483647;
			files = (
			);
			runOnlyForDeploymentPostprocessing = 0;
		};
		F82FCDA62C3A7292005DD2EC /* Frameworks */ = {
			isa = PBXFrameworksBuildPhase;
			buildActionMask = 2147483647;
			files = (
			);
			runOnlyForDeploymentPostprocessing = 0;
		};
		F82FCDB02C3A7292005DD2EC /* Frameworks */ = {
			isa = PBXFrameworksBuildPhase;
			buildActionMask = 2147483647;
			files = (
			);
			runOnlyForDeploymentPostprocessing = 0;
		};
/* End PBXFrameworksBuildPhase section */

/* Begin PBXGroup section */
		F80E4E1D2C3DB9E600EC5118 /* Landmarks */ = {
			isa = PBXGroup;
			children = (
				F8E208472C3C71A200E5EA81 /* LandmarkRow.swift */,
				F8E208492C3C739300E5EA81 /* LandmarkList.swift */,
				F80E4E182C3DADC900EC5118 /* LandmarkDetail.swift */,
			);
			path = Landmarks;
			sourceTree = "<group>";
		};
		F80E4E1E2C3DB9FC00EC5118 /* Helper */ = {
			isa = PBXGroup;
			children = (
				F8E208372C3C410800E5EA81 /* MapView.swift */,
				F8E208352C3C3F9E00E5EA81 /* CircleImage.swift */,
				F80E4E1A2C3DB91500EC5118 /* FavoriteButton.swift */,
			);
			path = Helper;
			sourceTree = "<group>";
		};
		F82FCD8D2C3A728E005DD2EC = {
			isa = PBXGroup;
			children = (
				F82FCD982C3A728E005DD2EC /* Lei */,
				F82FCDAC2C3A7292005DD2EC /* LeiTests */,
				F82FCDB62C3A7292005DD2EC /* LeiUITests */,
				F82FCD972C3A728E005DD2EC /* Products */,
			);
			sourceTree = "<group>";
		};
		F82FCD972C3A728E005DD2EC /* Products */ = {
			isa = PBXGroup;
			children = (
				F82FCD962C3A728E005DD2EC /* Lei.app */,
				F82FCDA92C3A7292005DD2EC /* LeiTests.xctest */,
				F82FCDB32C3A7292005DD2EC /* LeiUITests.xctest */,
			);
			name = Products;
			sourceTree = "<group>";
		};
		F82FCD982C3A728E005DD2EC /* Lei */ = {
			isa = PBXGroup;
			children = (
				F82FCD992C3A728E005DD2EC /* LeiApp.swift */,
				F82FCDC62C3A7538005DD2EC /* HomeView.swift */,
				F840BC1D2C43E2B300E8092B /* HelloView.swift */,
				F840BC192C43C94C00E8092B /* NoviceAlbumList.swift */,
				F840BC1B2C43D5AF00E8092B /* MoodLibList.swift */,
				F840BC1F2C43E2F800E8092B /* PlanView.swift */,
				F8E208462C3C713900E5EA81 /* LandmarkViews */,
				F8E208442C3C6F5200E5EA81 /* LandmarkModel */,
				F8E208452C3C6F6E00E5EA81 /* LandmarkResources */,
				F82FCD9B2C3A728E005DD2EC /* ContentView.swift */,
				F82FCD9D2C3A728E005DD2EC /* Item.swift */,
				F82FCD9F2C3A7292005DD2EC /* Assets.xcassets */,
				F82FCDA12C3A7292005DD2EC /* Lei.entitlements */,
				F82FCDA22C3A7292005DD2EC /* Preview Content */,
			);
			path = Lei;
			sourceTree = "<group>";
		};
		F82FCDA22C3A7292005DD2EC /* Preview Content */ = {
			isa = PBXGroup;
			children = (
				F82FCDA32C3A7292005DD2EC /* Preview Assets.xcassets */,
			);
			path = "Preview Content";
			sourceTree = "<group>";
		};
		F82FCDAC2C3A7292005DD2EC /* LeiTests */ = {
			isa = PBXGroup;
			children = (
				F82FCDAD2C3A7292005DD2EC /* LeiTests.swift */,
			);
			path = LeiTests;
			sourceTree = "<group>";
		};
		F82FCDB62C3A7292005DD2EC /* LeiUITests */ = {
			isa = PBXGroup;
			children = (
				F82FCDB72C3A7292005DD2EC /* LeiUITests.swift */,
				F82FCDB92C3A7292005DD2EC /* LeiUITestsLaunchTests.swift */,
			);
			path = LeiUITests;
			sourceTree = "<group>";
		};
		F84A95922C428C6300E444F8 /* Badges */ = {
			isa = PBXGroup;
			children = (
				F84A95882C4283E900E444F8 /* HexagonParameters.swift */,
				F84A958A2C4284DE00E444F8 /* BadgeBackground.swift */,
				F84A958C2C42893E00E444F8 /* BadgeSymbol.swift */,
				F84A958E2C4289F300E444F8 /* RotatedBadgeSymbol.swift */,
				F84A95902C428AAD00E444F8 /* Badge.swift */,
			);
			path = Badges;
			sourceTree = "<group>";
		};
		F8E208442C3C6F5200E5EA81 /* LandmarkModel */ = {
			isa = PBXGroup;
			children = (
				F8E2083D2C3C44EE00E5EA81 /* Landmark.swift */,
				F8E2083F2C3C6DC200E5EA81 /* ModelData.swift */,
			);
			path = LandmarkModel;
			sourceTree = "<group>";
		};
		F8E208452C3C6F6E00E5EA81 /* LandmarkResources */ = {
			isa = PBXGroup;
			children = (
				F8E2083B2C3C44CB00E5EA81 /* landmarkData.json */,
			);
			path = LandmarkResources;
			sourceTree = "<group>";
		};
		F8E208462C3C713900E5EA81 /* LandmarkViews */ = {
			isa = PBXGroup;
			children = (
				F80E4E1E2C3DB9FC00EC5118 /* Helper */,
				F80E4E1D2C3DB9E600EC5118 /* Landmarks */,
				F84A95922C428C6300E444F8 /* Badges */,
				F84A95952C42957600E444F8 /* LandmarkHome.swift */,
			);
			path = LandmarkViews;
			sourceTree = "<group>";
		};
/* End PBXGroup section */

/* Begin PBXNativeTarget section */
		F82FCD952C3A728E005DD2EC /* Lei */ = {
			isa = PBXNativeTarget;
			buildConfigurationList = F82FCDBD2C3A7292005DD2EC /* Build configuration list for PBXNativeTarget "Lei" */;
			buildPhases = (
				F82FCD922C3A728E005DD2EC /* Sources */,
				F82FCD932C3A728E005DD2EC /* Frameworks */,
				F82FCD942C3A728E005DD2EC /* Resources */,
			);
			buildRules = (
			);
			dependencies = (
			);
			name = Lei;
			productName = Lei;
			productReference = F82FCD962C3A728E005DD2EC /* Lei.app */;
			productType = "com.apple.product-type.application";
		};
		F82FCDA82C3A7292005DD2EC /* LeiTests */ = {
			isa = PBXNativeTarget;
			buildConfigurationList = F82FCDC02C3A7292005DD2EC /* Build configuration list for PBXNativeTarget "LeiTests" */;
			buildPhases = (
				F82FCDA52C3A7292005DD2EC /* Sources */,
				F82FCDA62C3A7292005DD2EC /* Frameworks */,
				F82FCDA72C3A7292005DD2EC /* Resources */,
			);
			buildRules = (
			);
			dependencies = (
				F82FCDAB2C3A7292005DD2EC /* PBXTargetDependency */,
			);
			name = LeiTests;
			productName = LeiTests;
			productReference = F82FCDA92C3A7292005DD2EC /* LeiTests.xctest */;
			productType = "com.apple.product-type.bundle.unit-test";
		};
		F82FCDB22C3A7292005DD2EC /* LeiUITests */ = {
			isa = PBXNativeTarget;
			buildConfigurationList = F82FCDC32C3A7292005DD2EC /* Build configuration list for PBXNativeTarget "LeiUITests" */;
			buildPhases = (
				F82FCDAF2C3A7292005DD2EC /* Sources */,
				F82FCDB02C3A7292005DD2EC /* Frameworks */,
				F82FCDB12C3A7292005DD2EC /* Resources */,
			);
			buildRules = (
			);
			dependencies = (
				F82FCDB52C3A7292005DD2EC /* PBXTargetDependency */,
			);
			name = LeiUITests;
			productName = LeiUITests;
			productReference = F82FCDB32C3A7292005DD2EC /* LeiUITests.xctest */;
			productType = "com.apple.product-type.bundle.ui-testing";
		};
/* End PBXNativeTarget section */

/* Begin PBXProject section */
		F82FCD8E2C3A728E005DD2EC /* Project object */ = {
			isa = PBXProject;
			attributes = {
				BuildIndependentTargetsInParallel = 1;
				LastSwiftUpdateCheck = 1540;
				LastUpgradeCheck = 1540;
				TargetAttributes = {
					F82FCD952C3A728E005DD2EC = {
						CreatedOnToolsVersion = 15.4;
					};
					F82FCDA82C3A7292005DD2EC = {
						CreatedOnToolsVersion = 15.4;
						TestTargetID = F82FCD952C3A728E005DD2EC;
					};
					F82FCDB22C3A7292005DD2EC = {
						CreatedOnToolsVersion = 15.4;
						TestTargetID = F82FCD952C3A728E005DD2EC;
					};
				};
			};
			buildConfigurationList = F82FCD912C3A728E005DD2EC /* Build configuration list for PBXProject "Lei" */;
			compatibilityVersion = "Xcode 14.0";
			developmentRegion = en;
			hasScannedForEncodings = 0;
			knownRegions = (
				en,
				Base,
			);
			mainGroup = F82FCD8D2C3A728E005DD2EC;
			productRefGroup = F82FCD972C3A728E005DD2EC /* Products */;
			projectDirPath = "";
			projectRoot = "";
			targets = (
				F82FCD952C3A728E005DD2EC /* Lei */,
				F82FCDA82C3A7292005DD2EC /* LeiTests */,
				F82FCDB22C3A7292005DD2EC /* LeiUITests */,
			);
		};
/* End PBXProject section */

/* Begin PBXResourcesBuildPhase section */
		F82FCD942C3A728E005DD2EC /* Resources */ = {
			isa = PBXResourcesBuildPhase;
			buildActionMask = 2147483647;
			files = (
				F82FCDA42C3A7292005DD2EC /* Preview Assets.xcassets in Resources */,
				F82FCDA02C3A7292005DD2EC /* Assets.xcassets in Resources */,
				F8E2083C2C3C44CB00E5EA81 /* landmarkData.json in Resources */,
			);
			runOnlyForDeploymentPostprocessing = 0;
		};
		F82FCDA72C3A7292005DD2EC /* Resources */ = {
			isa = PBXResourcesBuildPhase;
			buildActionMask = 2147483647;
			files = (
			);
			runOnlyForDeploymentPostprocessing = 0;
		};
		F82FCDB12C3A7292005DD2EC /* Resources */ = {
			isa = PBXResourcesBuildPhase;
			buildActionMask = 2147483647;
			files = (
			);
			runOnlyForDeploymentPostprocessing = 0;
		};
/* End PBXResourcesBuildPhase section */

/* Begin PBXSourcesBuildPhase section */
		F82FCD922C3A728E005DD2EC /* Sources */ = {
			isa = PBXSourcesBuildPhase;
			buildActionMask = 2147483647;
			files = (
				F8E2083E2C3C44EE00E5EA81 /* Landmark.swift in Sources */,
				F84A95942C428DE000E444F8 /* Badge.swift in Sources */,
				F82FCD9C2C3A728E005DD2EC /* ContentView.swift in Sources */,
				F8E208382C3C410800E5EA81 /* MapView.swift in Sources */,
				F84A95962C42957600E444F8 /* LandmarkHome.swift in Sources */,
				F80E4E1B2C3DB91500EC5118 /* FavoriteButton.swift in Sources */,
				F82FCDC72C3A7538005DD2EC /* HomeView.swift in Sources */,
				F840BC202C43E2F800E8092B /* PlanView.swift in Sources */,
				F82FCD9E2C3A728E005DD2EC /* Item.swift in Sources */,
				F8E208402C3C6DC200E5EA81 /* ModelData.swift in Sources */,
				F82FCD9A2C3A728E005DD2EC /* LeiApp.swift in Sources */,
				F840BC1C2C43D5AF00E8092B /* MoodLibList.swift in Sources */,
				F84A958D2C42893E00E444F8 /* BadgeSymbol.swift in Sources */,
				F840BC1E2C43E2B300E8092B /* HelloView.swift in Sources */,
				F8E208362C3C3F9E00E5EA81 /* CircleImage.swift in Sources */,
				F84A958B2C4284DE00E444F8 /* BadgeBackground.swift in Sources */,
				F84A95892C4283E900E444F8 /* HexagonParameters.swift in Sources */,
				F8E208482C3C71A200E5EA81 /* LandmarkRow.swift in Sources */,
				F8E2084A2C3C739300E5EA81 /* LandmarkList.swift in Sources */,
				F840BC1A2C43C94C00E8092B /* NoviceAlbumList.swift in Sources */,
				F80E4E192C3DADC900EC5118 /* LandmarkDetail.swift in Sources */,
				F84A958F2C4289F300E444F8 /* RotatedBadgeSymbol.swift in Sources */,
			);
			runOnlyForDeploymentPostprocessing = 0;
		};
		F82FCDA52C3A7292005DD2EC /* Sources */ = {
			isa = PBXSourcesBuildPhase;
			buildActionMask = 2147483647;
			files = (
				F82FCDAE2C3A7292005DD2EC /* LeiTests.swift in Sources */,
			);
			runOnlyForDeploymentPostprocessing = 0;
		};
		F82FCDAF2C3A7292005DD2EC /* Sources */ = {
			isa = PBXSourcesBuildPhase;
			buildActionMask = 2147483647;
			files = (
				F82FCDB82C3A7292005DD2EC /* LeiUITests.swift in Sources */,
				F82FCDBA2C3A7292005DD2EC /* LeiUITestsLaunchTests.swift in Sources */,
			);
			runOnlyForDeploymentPostprocessing = 0;
		};
/* End PBXSourcesBuildPhase section */

/* Begin PBXTargetDependency section */
		F82FCDAB2C3A7292005DD2EC /* PBXTargetDependency */ = {
			isa = PBXTargetDependency;
			target = F82FCD952C3A728E005DD2EC /* Lei */;
			targetProxy = F82FCDAA2C3A7292005DD2EC /* PBXContainerItemProxy */;
		};
		F82FCDB52C3A7292005DD2EC /* PBXTargetDependency */ = {
			isa = PBXTargetDependency;
			target = F82FCD952C3A728E005DD2EC /* Lei */;
			targetProxy = F82FCDB42C3A7292005DD2EC /* PBXContainerItemProxy */;
		};
/* End PBXTargetDependency section */

/* Begin XCBuildConfiguration section */
		F82FCDBB2C3A7292005DD2EC /* Debug */ = {
			isa = XCBuildConfiguration;
			buildSettings = {
				ALWAYS_SEARCH_USER_PATHS = NO;
				ASSETCATALOG_COMPILER_GENERATE_SWIFT_ASSET_SYMBOL_EXTENSIONS = YES;
				CLANG_ANALYZER_NONNULL = YES;
				CLANG_ANALYZER_NUMBER_OBJECT_CONVERSION = YES_AGGRESSIVE;
				CLANG_CXX_LANGUAGE_STANDARD = "gnu++20";
				CLANG_ENABLE_MODULES = YES;
				CLANG_ENABLE_OBJC_ARC = YES;
				CLANG_ENABLE_OBJC_WEAK = YES;
				CLANG_WARN_BLOCK_CAPTURE_AUTORELEASING = YES;
				CLANG_WARN_BOOL_CONVERSION = YES;
				CLANG_WARN_COMMA = YES;
				CLANG_WARN_CONSTANT_CONVERSION = YES;
				CLANG_WARN_DEPRECATED_OBJC_IMPLEMENTATIONS = YES;
				CLANG_WARN_DIRECT_OBJC_ISA_USAGE = YES_ERROR;
				CLANG_WARN_DOCUMENTATION_COMMENTS = YES;
				CLANG_WARN_EMPTY_BODY = YES;
				CLANG_WARN_ENUM_CONVERSION = YES;
				CLANG_WARN_INFINITE_RECURSION = YES;
				CLANG_WARN_INT_CONVERSION = YES;
				CLANG_WARN_NON_LITERAL_NULL_CONVERSION = YES;
				CLANG_WARN_OBJC_IMPLICIT_RETAIN_SELF = YES;
				CLANG_WARN_OBJC_LITERAL_CONVERSION = YES;
				CLANG_WARN_OBJC_ROOT_CLASS = YES_ERROR;
				CLANG_WARN_QUOTED_INCLUDE_IN_FRAMEWORK_HEADER = YES;
				CLANG_WARN_RANGE_LOOP_ANALYSIS = YES;
				CLANG_WARN_STRICT_PROTOTYPES = YES;
				CLANG_WARN_SUSPICIOUS_MOVE = YES;
				CLANG_WARN_UNGUARDED_AVAILABILITY = YES_AGGRESSIVE;
				CLANG_WARN_UNREACHABLE_CODE = YES;
				CLANG_WARN__DUPLICATE_METHOD_MATCH = YES;
				COPY_PHASE_STRIP = NO;
				DEBUG_INFORMATION_FORMAT = dwarf;
				ENABLE_STRICT_OBJC_MSGSEND = YES;
				ENABLE_TESTABILITY = YES;
				ENABLE_USER_SCRIPT_SANDBOXING = YES;
				GCC_C_LANGUAGE_STANDARD = gnu17;
				GCC_DYNAMIC_NO_PIC = NO;
				GCC_NO_COMMON_BLOCKS = YES;
				GCC_OPTIMIZATION_LEVEL = 0;
				GCC_PREPROCESSOR_DEFINITIONS = (
					"DEBUG=1",
					"$(inherited)",
				);
				GCC_WARN_64_TO_32_BIT_CONVERSION = YES;
				GCC_WARN_ABOUT_RETURN_TYPE = YES_ERROR;
				GCC_WARN_UNDECLARED_SELECTOR = YES;
				GCC_WARN_UNINITIALIZED_AUTOS = YES_AGGRESSIVE;
				GCC_WARN_UNUSED_FUNCTION = YES;
				GCC_WARN_UNUSED_VARIABLE = YES;
				LOCALIZATION_PREFERS_STRING_CATALOGS = YES;
				MTL_ENABLE_DEBUG_INFO = INCLUDE_SOURCE;
				MTL_FAST_MATH = YES;
				ONLY_ACTIVE_ARCH = YES;
				SWIFT_ACTIVE_COMPILATION_CONDITIONS = "DEBUG $(inherited)";
				SWIFT_OPTIMIZATION_LEVEL = "-Onone";
			};
			name = Debug;
		};
		F82FCDBC2C3A7292005DD2EC /* Release */ = {
			isa = XCBuildConfiguration;
			buildSettings = {
				ALWAYS_SEARCH_USER_PATHS = NO;
				ASSETCATALOG_COMPILER_GENERATE_SWIFT_ASSET_SYMBOL_EXTENSIONS = YES;
				CLANG_ANALYZER_NONNULL = YES;
				CLANG_ANALYZER_NUMBER_OBJECT_CONVERSION = YES_AGGRESSIVE;
				CLANG_CXX_LANGUAGE_STANDARD = "gnu++20";
				CLANG_ENABLE_MODULES = YES;
				CLANG_ENABLE_OBJC_ARC = YES;
				CLANG_ENABLE_OBJC_WEAK = YES;
				CLANG_WARN_BLOCK_CAPTURE_AUTORELEASING = YES;
				CLANG_WARN_BOOL_CONVERSION = YES;
				CLANG_WARN_COMMA = YES;
				CLANG_WARN_CONSTANT_CONVERSION = YES;
				CLANG_WARN_DEPRECATED_OBJC_IMPLEMENTATIONS = YES;
				CLANG_WARN_DIRECT_OBJC_ISA_USAGE = YES_ERROR;
				CLANG_WARN_DOCUMENTATION_COMMENTS = YES;
				CLANG_WARN_EMPTY_BODY = YES;
				CLANG_WARN_ENUM_CONVERSION = YES;
				CLANG_WARN_INFINITE_RECURSION = YES;
				CLANG_WARN_INT_CONVERSION = YES;
				CLANG_WARN_NON_LITERAL_NULL_CONVERSION = YES;
				CLANG_WARN_OBJC_IMPLICIT_RETAIN_SELF = YES;
				CLANG_WARN_OBJC_LITERAL_CONVERSION = YES;
				CLANG_WARN_OBJC_ROOT_CLASS = YES_ERROR;
				CLANG_WARN_QUOTED_INCLUDE_IN_FRAMEWORK_HEADER = YES;
				CLANG_WARN_RANGE_LOOP_ANALYSIS = YES;
				CLANG_WARN_STRICT_PROTOTYPES = YES;
				CLANG_WARN_SUSPICIOUS_MOVE = YES;
				CLANG_WARN_UNGUARDED_AVAILABILITY = YES_AGGRESSIVE;
				CLANG_WARN_UNREACHABLE_CODE = YES;
				CLANG_WARN__DUPLICATE_METHOD_MATCH = YES;
				COPY_PHASE_STRIP = NO;
				DEBUG_INFORMATION_FORMAT = "dwarf-with-dsym";
				ENABLE_NS_ASSERTIONS = NO;
				ENABLE_STRICT_OBJC_MSGSEND = YES;
				ENABLE_USER_SCRIPT_SANDBOXING = YES;
				GCC_C_LANGUAGE_STANDARD = gnu17;
				GCC_NO_COMMON_BLOCKS = YES;
				GCC_WARN_64_TO_32_BIT_CONVERSION = YES;
				GCC_WARN_ABOUT_RETURN_TYPE = YES_ERROR;
				GCC_WARN_UNDECLARED_SELECTOR = YES;
				GCC_WARN_UNINITIALIZED_AUTOS = YES_AGGRESSIVE;
				GCC_WARN_UNUSED_FUNCTION = YES;
				GCC_WARN_UNUSED_VARIABLE = YES;
				LOCALIZATION_PREFERS_STRING_CATALOGS = YES;
				MTL_ENABLE_DEBUG_INFO = NO;
				MTL_FAST_MATH = YES;
				SWIFT_COMPILATION_MODE = wholemodule;
			};
			name = Release;
		};
		F82FCDBE2C3A7292005DD2EC /* Debug */ = {
			isa = XCBuildConfiguration;
			buildSettings = {
				ASSETCATALOG_COMPILER_APPICON_NAME = AppIcon;
				ASSETCATALOG_COMPILER_GLOBAL_ACCENT_COLOR_NAME = AccentColor;
				CODE_SIGN_ENTITLEMENTS = Lei/Lei.entitlements;
				CODE_SIGN_STYLE = Automatic;
				CURRENT_PROJECT_VERSION = 1;
				DEVELOPMENT_ASSET_PATHS = "\"Lei/Preview Content\"";
				ENABLE_PREVIEWS = YES;
				GENERATE_INFOPLIST_FILE = YES;
				"INFOPLIST_KEY_UIApplicationSceneManifest_Generation[sdk=iphoneos*]" = YES;
				"INFOPLIST_KEY_UIApplicationSceneManifest_Generation[sdk=iphonesimulator*]" = YES;
				"INFOPLIST_KEY_UIApplicationSupportsIndirectInputEvents[sdk=iphoneos*]" = YES;
				"INFOPLIST_KEY_UIApplicationSupportsIndirectInputEvents[sdk=iphonesimulator*]" = YES;
				"INFOPLIST_KEY_UILaunchScreen_Generation[sdk=iphoneos*]" = YES;
				"INFOPLIST_KEY_UILaunchScreen_Generation[sdk=iphonesimulator*]" = YES;
				"INFOPLIST_KEY_UIStatusBarStyle[sdk=iphoneos*]" = UIStatusBarStyleDefault;
				"INFOPLIST_KEY_UIStatusBarStyle[sdk=iphonesimulator*]" = UIStatusBarStyleDefault;
				INFOPLIST_KEY_UISupportedInterfaceOrientations_iPad = "UIInterfaceOrientationPortrait UIInterfaceOrientationPortraitUpsideDown UIInterfaceOrientationLandscapeLeft UIInterfaceOrientationLandscapeRight";
				INFOPLIST_KEY_UISupportedInterfaceOrientations_iPhone = "UIInterfaceOrientationPortrait UIInterfaceOrientationLandscapeLeft UIInterfaceOrientationLandscapeRight";
				IPHONEOS_DEPLOYMENT_TARGET = 17.5;
				LD_RUNPATH_SEARCH_PATHS = "@executable_path/Frameworks";
				"LD_RUNPATH_SEARCH_PATHS[sdk=macosx*]" = "@executable_path/../Frameworks";
				MACOSX_DEPLOYMENT_TARGET = 14.0;
				MARKETING_VERSION = 1.0;
				PRODUCT_BUNDLE_IDENTIFIER = com.zhanglei.Lei;
				PRODUCT_NAME = "$(TARGET_NAME)";
				SDKROOT = auto;
				SUPPORTED_PLATFORMS = "iphoneos iphonesimulator macosx";
				SWIFT_EMIT_LOC_STRINGS = YES;
				SWIFT_VERSION = 5.0;
				TARGETED_DEVICE_FAMILY = "1,2";
			};
			name = Debug;
		};
		F82FCDBF2C3A7292005DD2EC /* Release */ = {
			isa = XCBuildConfiguration;
			buildSettings = {
				ASSETCATALOG_COMPILER_APPICON_NAME = AppIcon;
				ASSETCATALOG_COMPILER_GLOBAL_ACCENT_COLOR_NAME = AccentColor;
				CODE_SIGN_ENTITLEMENTS = Lei/Lei.entitlements;
				CODE_SIGN_STYLE = Automatic;
				CURRENT_PROJECT_VERSION = 1;
				DEVELOPMENT_ASSET_PATHS = "\"Lei/Preview Content\"";
				ENABLE_PREVIEWS = YES;
				GENERATE_INFOPLIST_FILE = YES;
				"INFOPLIST_KEY_UIApplicationSceneManifest_Generation[sdk=iphoneos*]" = YES;
				"INFOPLIST_KEY_UIApplicationSceneManifest_Generation[sdk=iphonesimulator*]" = YES;
				"INFOPLIST_KEY_UIApplicationSupportsIndirectInputEvents[sdk=iphoneos*]" = YES;
				"INFOPLIST_KEY_UIApplicationSupportsIndirectInputEvents[sdk=iphonesimulator*]" = YES;
				"INFOPLIST_KEY_UILaunchScreen_Generation[sdk=iphoneos*]" = YES;
				"INFOPLIST_KEY_UILaunchScreen_Generation[sdk=iphonesimulator*]" = YES;
				"INFOPLIST_KEY_UIStatusBarStyle[sdk=iphoneos*]" = UIStatusBarStyleDefault;
				"INFOPLIST_KEY_UIStatusBarStyle[sdk=iphonesimulator*]" = UIStatusBarStyleDefault;
				INFOPLIST_KEY_UISupportedInterfaceOrientations_iPad = "UIInterfaceOrientationPortrait UIInterfaceOrientationPortraitUpsideDown UIInterfaceOrientationLandscapeLeft UIInterfaceOrientationLandscapeRight";
				INFOPLIST_KEY_UISupportedInterfaceOrientations_iPhone = "UIInterfaceOrientationPortrait UIInterfaceOrientationLandscapeLeft UIInterfaceOrientationLandscapeRight";
				IPHONEOS_DEPLOYMENT_TARGET = 17.5;
				LD_RUNPATH_SEARCH_PATHS = "@executable_path/Frameworks";
				"LD_RUNPATH_SEARCH_PATHS[sdk=macosx*]" = "@executable_path/../Frameworks";
				MACOSX_DEPLOYMENT_TARGET = 14.0;
				MARKETING_VERSION = 1.0;
				PRODUCT_BUNDLE_IDENTIFIER = com.zhanglei.Lei;
				PRODUCT_NAME = "$(TARGET_NAME)";
				SDKROOT = auto;
				SUPPORTED_PLATFORMS = "iphoneos iphonesimulator macosx";
				SWIFT_EMIT_LOC_STRINGS = YES;
				SWIFT_VERSION = 5.0;
				TARGETED_DEVICE_FAMILY = "1,2";
			};
			name = Release;
		};
		F82FCDC12C3A7292005DD2EC /* Debug */ = {
			isa = XCBuildConfiguration;
			buildSettings = {
				ALWAYS_EMBED_SWIFT_STANDARD_LIBRARIES = YES;
				BUNDLE_LOADER = "$(TEST_HOST)";
				CODE_SIGN_STYLE = Automatic;
				CURRENT_PROJECT_VERSION = 1;
				GENERATE_INFOPLIST_FILE = YES;
				IPHONEOS_DEPLOYMENT_TARGET = 17.5;
				MACOSX_DEPLOYMENT_TARGET = 14.5;
				MARKETING_VERSION = 1.0;
				PRODUCT_BUNDLE_IDENTIFIER = com.zhanglei.LeiTests;
				PRODUCT_NAME = "$(TARGET_NAME)";
				SDKROOT = auto;
				SUPPORTED_PLATFORMS = "iphoneos iphonesimulator macosx";
				SWIFT_EMIT_LOC_STRINGS = NO;
				SWIFT_VERSION = 5.0;
				TARGETED_DEVICE_FAMILY = "1,2";
				TEST_HOST = "$(BUILT_PRODUCTS_DIR)/Lei.app/$(BUNDLE_EXECUTABLE_FOLDER_PATH)/Lei";
			};
			name = Debug;
		};
		F82FCDC22C3A7292005DD2EC /* Release */ = {
			isa = XCBuildConfiguration;
			buildSettings = {
				ALWAYS_EMBED_SWIFT_STANDARD_LIBRARIES = YES;
				BUNDLE_LOADER = "$(TEST_HOST)";
				CODE_SIGN_STYLE = Automatic;
				CURRENT_PROJECT_VERSION = 1;
				GENERATE_INFOPLIST_FILE = YES;
				IPHONEOS_DEPLOYMENT_TARGET = 17.5;
				MACOSX_DEPLOYMENT_TARGET = 14.5;
				MARKETING_VERSION = 1.0;
				PRODUCT_BUNDLE_IDENTIFIER = com.zhanglei.LeiTests;
				PRODUCT_NAME = "$(TARGET_NAME)";
				SDKROOT = auto;
				SUPPORTED_PLATFORMS = "iphoneos iphonesimulator macosx";
				SWIFT_EMIT_LOC_STRINGS = NO;
				SWIFT_VERSION = 5.0;
				TARGETED_DEVICE_FAMILY = "1,2";
				TEST_HOST = "$(BUILT_PRODUCTS_DIR)/Lei.app/$(BUNDLE_EXECUTABLE_FOLDER_PATH)/Lei";
			};
			name = Release;
		};
		F82FCDC42C3A7292005DD2EC /* Debug */ = {
			isa = XCBuildConfiguration;
			buildSettings = {
				ALWAYS_EMBED_SWIFT_STANDARD_LIBRARIES = YES;
				CODE_SIGN_STYLE = Automatic;
				CURRENT_PROJECT_VERSION = 1;
				GENERATE_INFOPLIST_FILE = YES;
				IPHONEOS_DEPLOYMENT_TARGET = 17.5;
				MACOSX_DEPLOYMENT_TARGET = 14.5;
				MARKETING_VERSION = 1.0;
				PRODUCT_BUNDLE_IDENTIFIER = com.zhanglei.LeiUITests;
				PRODUCT_NAME = "$(TARGET_NAME)";
				SDKROOT = auto;
				SUPPORTED_PLATFORMS = "iphoneos iphonesimulator macosx";
				SWIFT_EMIT_LOC_STRINGS = NO;
				SWIFT_VERSION = 5.0;
				TARGETED_DEVICE_FAMILY = "1,2";
				TEST_TARGET_NAME = Lei;
			};
			name = Debug;
		};
		F82FCDC52C3A7292005DD2EC /* Release */ = {
			isa = XCBuildConfiguration;
			buildSettings = {
				ALWAYS_EMBED_SWIFT_STANDARD_LIBRARIES = YES;
				CODE_SIGN_STYLE = Automatic;
				CURRENT_PROJECT_VERSION = 1;
				GENERATE_INFOPLIST_FILE = YES;
				IPHONEOS_DEPLOYMENT_TARGET = 17.5;
				MACOSX_DEPLOYMENT_TARGET = 14.5;
				MARKETING_VERSION = 1.0;
				PRODUCT_BUNDLE_IDENTIFIER = com.zhanglei.LeiUITests;
				PRODUCT_NAME = "$(TARGET_NAME)";
				SDKROOT = auto;
				SUPPORTED_PLATFORMS = "iphoneos iphonesimulator macosx";
				SWIFT_EMIT_LOC_STRINGS = NO;
				SWIFT_VERSION = 5.0;
				TARGETED_DEVICE_FAMILY = "1,2";
				TEST_TARGET_NAME = Lei;
			};
			name = Release;
		};
/* End XCBuildConfiguration section */

/* Begin XCConfigurationList section */
		F82FCD912C3A728E005DD2EC /* Build configuration list for PBXProject "Lei" */ = {
			isa = XCConfigurationList;
			buildConfigurations = (
				F82FCDBB2C3A7292005DD2EC /* Debug */,
				F82FCDBC2C3A7292005DD2EC /* Release */,
			);
			defaultConfigurationIsVisible = 0;
			defaultConfigurationName = Release;
		};
		F82FCDBD2C3A7292005DD2EC /* Build configuration list for PBXNativeTarget "Lei" */ = {
			isa = XCConfigurationList;
			buildConfigurations = (
				F82FCDBE2C3A7292005DD2EC /* Debug */,
				F82FCDBF2C3A7292005DD2EC /* Release */,
			);
			defaultConfigurationIsVisible = 0;
			defaultConfigurationName = Release;
		};
		F82FCDC02C3A7292005DD2EC /* Build configuration list for PBXNativeTarget "LeiTests" */ = {
			isa = XCConfigurationList;
			buildConfigurations = (
				F82FCDC12C3A7292005DD2EC /* Debug */,
				F82FCDC22C3A7292005DD2EC /* Release */,
			);
			defaultConfigurationIsVisible = 0;
			defaultConfigurationName = Release;
		};
		F82FCDC32C3A7292005DD2EC /* Build configuration list for PBXNativeTarget "LeiUITests" */ = {
			isa = XCConfigurationList;
			buildConfigurations = (
				F82FCDC42C3A7292005DD2EC /* Debug */,
				F82FCDC52C3A7292005DD2EC /* Release */,
			);
			defaultConfigurationIsVisible = 0;
			defaultConfigurationName = Release;
		};
/* End XCConfigurationList section */
	};
	rootObject = F82FCD8E2C3A728E005DD2EC /* Project object */;
}
